
Microsoft Visual Studio Solution File, Format Version 12.00
# Visual Studio Version 16
VisualStudioVersion = 16.0.29728.190
MinimumVisualStudioVersion = 10.0.40219.1
Project("{FAE04EC0-301F-11D3-BF4B-00C04F79EFBC}") = "GlossyBackground", "GlossyBackground\GlossyBackground.csproj", "{BC087D98-0D8E-440B-84BB-3F30084B868D}"
EndProject
Global
	GlobalSection(SolutionConfigurationPlatforms) = preSolution
		Debug|Any CPU = Debug|Any CPU
		Release|Any CPU = Release|Any CPU
	EndGlobalSection
	GlobalSection(ProjectConfigurationPlatforms) = postSolution
		{BC087D98-0D8E-440B-84BB-3F30084B868D}.Debug|Any CPU.ActiveCfg = Debug|Any CPU
		{BC087D98-0D8E-440B-84BB-3F30084B868D}.Debug|Any CPU.Build.0 = Debug|Any CPU
		{BC087D98-0D8E-440B-84BB-3F30084B868D}.Release|Any CPU.ActiveCfg = Release|Any CPU
		{BC087D98-0D8E-440B-84BB-3F30084B868D}.Release|Any CPU.Build.0 = Release|Any CPU
	EndGlobalSection
	GlobalSection(SolutionProperties) = preSolution
		HideSolutionNode = FALSE
	EndGlobalSection
	GlobalSection(ExtensibilityGlobals) = postSolution
		SolutionGuid = {AADB5CFE-3D06-45C5-9C58-A9D7E6DCBA2B}
	EndGlobalSection
EndGlobal
